
Microsoft Visual Studio Solution File, Format Version 12.00
# Visual Studio Version 17
VisualStudioVersion = 17.1.32328.378
MinimumVisualStudioVersion = 10.0.40219.1
Project("{FAE04EC0-301F-11D3-BF4B-00C04F79EFBC}") = "WpfAppCookBookMongoDb", "WpfAppCookBookMongoDb\WpfAppCookBookMongoDb.csproj", "{C9103CDB-8805-47FF-B486-F8CA537194F3}"
EndProject
Global
	GlobalSection(SolutionConfigurationPlatforms) = preSolution
		Debug|Any CPU = Debug|Any CPU
		Release|Any CPU = Release|Any CPU
	EndGlobalSection
	GlobalSection(ProjectConfigurationPlatforms) = postSolution
		{C9103CDB-8805-47FF-B486-F8CA537194F3}.Debug|Any CPU.ActiveCfg = Debug|Any CPU
		{C9103CDB-8805-47FF-B486-F8CA537194F3}.Debug|Any CPU.Build.0 = Debug|Any CPU
		{C9103CDB-8805-47FF-B486-F8CA537194F3}.Release|Any CPU.ActiveCfg = Release|Any CPU
		{C9103CDB-8805-47FF-B486-F8CA537194F3}.Release|Any CPU.Build.0 = Release|Any CPU
	EndGlobalSection
	GlobalSection(SolutionProperties) = preSolution
		HideSolutionNode = FALSE
	EndGlobalSection
	GlobalSection(ExtensibilityGlobals) = postSolution
		SolutionGuid = {120B1B6D-E3F8-45D1-81FD-DABD874AFD33}
	EndGlobalSection
EndGlobal
